
Microsoft Visual Studio Solution File, Format Version 12.00
# Visual Studio Version 17
VisualStudioVersion = 17.2.32526.322
MinimumVisualStudioVersion = 10.0.40219.1
Project("{9A19103F-16F7-4668-BE54-9A1E7A4F7556}") = "Raspberry_Win", "Raspberry_Win\Raspberry_Win.csproj", "{C67E9DF2-7A75-48BA-8F1D-0285EF7D37B5}"
EndProject
Project("{FAE04EC0-301F-11D3-BF4B-00C04F79EFBC}") = "Raspberry_Android", "Raspberry_Android\Raspberry_Android.csproj", "{7AEC6A06-6155-43C8-AAC2-E50FE1F8AE3E}"
EndProject
Project("{9A19103F-16F7-4668-BE54-9A1E7A4F7556}") = "Raspberry_Lib", "Raspberry_Lib\Raspberry_Lib.csproj", "{A6057B92-B9C9-4CE9-BB02-432A28AC8120}"
EndProject
Project("{9A19103F-16F7-4668-BE54-9A1E7A4F7556}") = "Nez", "Nez\Nez.csproj", "{6AD69836-3318-43C2-B7B5-2D7F35F625A4}"
EndProject
Global
	GlobalSection(SolutionConfigurationPlatforms) = preSolution
		Debug|Any CPU = Debug|Any CPU
		Release|Any CPU = Release|Any CPU
	EndGlobalSection
	GlobalSection(ProjectConfigurationPlatforms) = postSolution
		{C67E9DF2-7A75-48BA-8F1D-0285EF7D37B5}.Debug|Any CPU.ActiveCfg = Debug|Any CPU
		{C67E9DF2-7A75-48BA-8F1D-0285EF7D37B5}.Debug|Any CPU.Build.0 = Debug|Any CPU
		{C67E9DF2-7A75-48BA-8F1D-0285EF7D37B5}.Release|Any CPU.ActiveCfg = Release|Any CPU
		{C67E9DF2-7A75-48BA-8F1D-0285EF7D37B5}.Release|Any CPU.Build.0 = Release|Any CPU
		{7AEC6A06-6155-43C8-AAC2-E50FE1F8AE3E}.Debug|Any CPU.ActiveCfg = Debug|Any CPU
		{7AEC6A06-6155-43C8-AAC2-E50FE1F8AE3E}.Debug|Any CPU.Build.0 = Debug|Any CPU
		{7AEC6A06-6155-43C8-AAC2-E50FE1F8AE3E}.Debug|Any CPU.Deploy.0 = Debug|Any CPU
		{7AEC6A06-6155-43C8-AAC2-E50FE1F8AE3E}.Release|Any CPU.ActiveCfg = Release|Any CPU
		{7AEC6A06-6155-43C8-AAC2-E50FE1F8AE3E}.Release|Any CPU.Build.0 = Release|Any CPU
		{7AEC6A06-6155-43C8-AAC2-E50FE1F8AE3E}.Release|Any CPU.Deploy.0 = Release|Any CPU
		{A6057B92-B9C9-4CE9-BB02-432A28AC8120}.Debug|Any CPU.ActiveCfg = Debug|Any CPU
		{A6057B92-B9C9-4CE9-BB02-432A28AC8120}.Debug|Any CPU.Build.0 = Debug|Any CPU
		{A6057B92-B9C9-4CE9-BB02-432A28AC8120}.Release|Any CPU.ActiveCfg = Release|Any CPU
		{A6057B92-B9C9-4CE9-BB02-432A28AC8120}.Release|Any CPU.Build.0 = Release|Any CPU
		{6AD69836-3318-43C2-B7B5-2D7F35F625A4}.Debug|Any CPU.ActiveCfg = Debug|Any CPU
		{6AD69836-3318-43C2-B7B5-2D7F35F625A4}.Debug|Any CPU.Build.0 = Debug|Any CPU
		{6AD69836-3318-43C2-B7B5-2D7F35F625A4}.Release|Any CPU.ActiveCfg = Release|Any CPU
		{6AD69836-3318-43C2-B7B5-2D7F35F625A4}.Release|Any CPU.Build.0 = Release|Any CPU
	EndGlobalSection
	GlobalSection(SolutionProperties) = preSolution
		HideSolutionNode = FALSE
	EndGlobalSection
	GlobalSection(ExtensibilityGlobals) = postSolution
		SolutionGuid = {EB41ED03-DF88-4A45-9DC3-9932740414D9}
	EndGlobalSection
EndGlobal
